
Microsoft Visual Studio Solution File, Format Version 12.00
# Visual Studio Version 16
VisualStudioVersion = 16.0.29920.165
MinimumVisualStudioVersion = 10.0.40219.1
Project("{FAE04EC0-301F-11D3-BF4B-00C04F79EFBC}") = "PostIt", "PostIt\PostIt.csproj", "{8B1AD718-EADC-4DB0-B717-440269430D4F}"
EndProject
Global
	GlobalSection(SolutionConfigurationPlatforms) = preSolution
		Debug|Any CPU = Debug|Any CPU
		Release|Any CPU = Release|Any CPU
	EndGlobalSection
	GlobalSection(ProjectConfigurationPlatforms) = postSolution
		{8B1AD718-EADC-4DB0-B717-440269430D4F}.Debug|Any CPU.ActiveCfg = Debug|Any CPU
		{8B1AD718-EADC-4DB0-B717-440269430D4F}.Debug|Any CPU.Build.0 = Debug|Any CPU
		{8B1AD718-EADC-4DB0-B717-440269430D4F}.Release|Any CPU.ActiveCfg = Release|Any CPU
		{8B1AD718-EADC-4DB0-B717-440269430D4F}.Release|Any CPU.Build.0 = Release|Any CPU
	EndGlobalSection
	GlobalSection(SolutionProperties) = preSolution
		HideSolutionNode = FALSE
	EndGlobalSection
	GlobalSection(ExtensibilityGlobals) = postSolution
		SolutionGuid = {AE4F20C7-058A-47C5-8118-625B04275918}
	EndGlobalSection
EndGlobal
